
Microsoft Visual Studio Solution File, Format Version 12.00
# Visual Studio Version 17
VisualStudioVersion = 17.7.34031.279
MinimumVisualStudioVersion = 10.0.40219.1
Project("{9A19103F-16F7-4668-BE54-9A1E7A4F7556}") = "Wurs.Utilities.OperationResult", "Wurs.Utilities.OperationResult\Wurs.Utilities.OperationResult.csproj", "{6E01CD90-43C5-43AF-A285-EAAB9CFCD51A}"
EndProject
Project("{2150E333-8FDC-42A3-9474-1A3956D46DE8}") = "Solution Items", "Solution Items", "{00843C9A-DFCD-4B34-A473-4DA26F091FF6}"
EndProject
Project("{9A19103F-16F7-4668-BE54-9A1E7A4F7556}") = "Wurs.Utilities.OperationResult.FluentValidation", "Wurs.Utilities.OperationResult.FluentValidation\Wurs.Utilities.OperationResult.FluentValidation.csproj", "{9C05F958-6739-4F0B-9B5C-264ECD5CA5BA}"
EndProject
Project("{2150E333-8FDC-42A3-9474-1A3956D46DE8}") = "Tests", "Tests", "{B6220D0E-FBCF-4F91-B188-524066CE9A27}"
EndProject
Project("{9A19103F-16F7-4668-BE54-9A1E7A4F7556}") = "Wurs.Utilities.FluentValidationTests", "Wurs.Utilities.Tests\Wurs.Utilities.FluentValidationTests\Wurs.Utilities.FluentValidationTests.csproj", "{4719030D-BBF8-4ADE-B766-52A93B503FF8}"
EndProject
Project("{9A19103F-16F7-4668-BE54-9A1E7A4F7556}") = "Wurs.Utilities.OperationResultTests", "Wurs.Utilities.Tests\Wurs.Utilities.OperationResultTests\Wurs.Utilities.OperationResultTests.csproj", "{6CF61510-094F-414F-868F-BFD1858EDB5D}"
EndProject
Global
	GlobalSection(SolutionConfigurationPlatforms) = preSolution
		Debug|Any CPU = Debug|Any CPU
		Release|Any CPU = Release|Any CPU
	EndGlobalSection
	GlobalSection(ProjectConfigurationPlatforms) = postSolution
		{6E01CD90-43C5-43AF-A285-EAAB9CFCD51A}.Debug|Any CPU.ActiveCfg = Debug|Any CPU
		{6E01CD90-43C5-43AF-A285-EAAB9CFCD51A}.Debug|Any CPU.Build.0 = Debug|Any CPU
		{6E01CD90-43C5-43AF-A285-EAAB9CFCD51A}.Release|Any CPU.ActiveCfg = Release|Any CPU
		{6E01CD90-43C5-43AF-A285-EAAB9CFCD51A}.Release|Any CPU.Build.0 = Release|Any CPU
		{9C05F958-6739-4F0B-9B5C-264ECD5CA5BA}.Debug|Any CPU.ActiveCfg = Debug|Any CPU
		{9C05F958-6739-4F0B-9B5C-264ECD5CA5BA}.Debug|Any CPU.Build.0 = Debug|Any CPU
		{9C05F958-6739-4F0B-9B5C-264ECD5CA5BA}.Release|Any CPU.ActiveCfg = Release|Any CPU
		{9C05F958-6739-4F0B-9B5C-264ECD5CA5BA}.Release|Any CPU.Build.0 = Release|Any CPU
		{4719030D-BBF8-4ADE-B766-52A93B503FF8}.Debug|Any CPU.ActiveCfg = Debug|Any CPU
		{4719030D-BBF8-4ADE-B766-52A93B503FF8}.Debug|Any CPU.Build.0 = Debug|Any CPU
		{4719030D-BBF8-4ADE-B766-52A93B503FF8}.Release|Any CPU.ActiveCfg = Release|Any CPU
		{4719030D-BBF8-4ADE-B766-52A93B503FF8}.Release|Any CPU.Build.0 = Release|Any CPU
		{6CF61510-094F-414F-868F-BFD1858EDB5D}.Debug|Any CPU.ActiveCfg = Debug|Any CPU
		{6CF61510-094F-414F-868F-BFD1858EDB5D}.Debug|Any CPU.Build.0 = Debug|Any CPU
		{6CF61510-094F-414F-868F-BFD1858EDB5D}.Release|Any CPU.ActiveCfg = Release|Any CPU
		{6CF61510-094F-414F-868F-BFD1858EDB5D}.Release|Any CPU.Build.0 = Release|Any CPU
	EndGlobalSection
	GlobalSection(SolutionProperties) = preSolution
		HideSolutionNode = FALSE
	EndGlobalSection
	GlobalSection(NestedProjects) = preSolution
		{4719030D-BBF8-4ADE-B766-52A93B503FF8} = {B6220D0E-FBCF-4F91-B188-524066CE9A27}
		{6CF61510-094F-414F-868F-BFD1858EDB5D} = {B6220D0E-FBCF-4F91-B188-524066CE9A27}
	EndGlobalSection
	GlobalSection(ExtensibilityGlobals) = postSolution
		SolutionGuid = {9846E03A-B202-4034-8413-F100A323B471}
	EndGlobalSection
EndGlobal
